// !$*UTF8*$!
{
	archiveVersion = 1;
	classes = {
	};
	objectVersion = 46;
	objects = {

/* Begin PBXBuildFile section */
		A1464481D7ADF6C624C3F81F /* Pods_Youtube_play_button_animation_using_POP.framework in Frameworks */ = {isa = PBXBuildFile; fileRef = 0CDA4DA727E6824E29186958 /* Pods_Youtube_play_button_animation_using_POP.framework */; };
		ABB03C081CEB4D660083E3CA /* AppDelegate.swift in Sources */ = {isa = PBXBuildFile; fileRef = ABB03C071CEB4D660083E3CA /* AppDelegate.swift */; };
		ABB03C0A1CEB4D660083E3CA /* ViewController.swift in Sources */ = {isa = PBXBuildFile; fileRef = ABB03C091CEB4D660083E3CA /* ViewController.swift */; };
		ABB03C0D1CEB4D660083E3CA /* Main.storyboard in Resources */ = {isa = PBXBuildFile; fileRef = ABB03C0B1CEB4D660083E3CA /* Main.storyboard */; };
		ABB03C0F1CEB4D660083E3CA /* Assets.xcassets in Resources */ = {isa = PBXBuildFile; fileRef = ABB03C0E1CEB4D660083E3CA /* Assets.xcassets */; };
		ABB03C121CEB4D660083E3CA /* LaunchScreen.storyboard in Resources */ = {isa = PBXBuildFile; fileRef = ABB03C101CEB4D660083E3CA /* LaunchScreen.storyboard */; };
		ABB03C1A1CEB4EC80083E3CA /* PlayButton.swift in Sources */ = {isa = PBXBuildFile; fileRef = ABB03C191CEB4EC80083E3CA /* PlayButton.swift */; };
/* End PBXBuildFile section */

/* Begin PBXFileReference section */
		0CDA4DA727E6824E29186958 /* Pods_Youtube_play_button_animation_using_POP.framework */ = {isa = PBXFileReference; explicitFileType = wrapper.framework; includeInIndex = 0; path = Pods_Youtube_play_button_animation_using_POP.framework; sourceTree = BUILT_PRODUCTS_DIR; };
		88EFA7CB0447BEC0EA7701FB /* Pods-Youtube play button animation using POP.debug.xcconfig */ = {isa = PBXFileReference; includeInIndex = 1; lastKnownFileType = text.xcconfig; name = "Pods-Youtube play button animation using POP.debug.xcconfig"; path = "Pods/Target Support Files/Pods-Youtube play button animation using POP/Pods-Youtube play button animation using POP.debug.xcconfig"; sourceTree = "<group>"; };
		ABB03C041CEB4D660083E3CA /* Youtube play button animation using POP.app */ = {isa = PBXFileReference; explicitFileType = wrapper.application; includeInIndex = 0; path = "Youtube play button animation using POP.app"; sourceTree = BUILT_PRODUCTS_DIR; };
		ABB03C071CEB4D660083E3CA /* AppDelegate.swift */ = {isa = PBXFileReference; lastKnownFileType = sourcecode.swift; path = AppDelegate.swift; sourceTree = "<group>"; };
		ABB03C091CEB4D660083E3CA /* ViewController.swift */ = {isa = PBXFileReference; lastKnownFileType = sourcecode.swift; path = ViewController.swift; sourceTree = "<group>"; };
		ABB03C0C1CEB4D660083E3CA /* Base */ = {isa = PBXFileReference; lastKnownFileType = file.storyboard; name = Base; path = Base.lproj/Main.storyboard; sourceTree = "<group>"; };
		ABB03C0E1CEB4D660083E3CA /* Assets.xcassets */ = {isa = PBXFileReference; lastKnownFileType = folder.assetcatalog; path = Assets.xcassets; sourceTree = "<group>"; };
		ABB03C111CEB4D660083E3CA /* Base */ = {isa = PBXFileReference; lastKnownFileType = file.storyboard; name = Base; path = Base.lproj/LaunchScreen.storyboard; sourceTree = "<group>"; };
		ABB03C131CEB4D660083E3CA /* Info.plist */ = {isa = PBXFileReference; lastKnownFileType = text.plist.xml; path = Info.plist; sourceTree = "<group>"; };
		ABB03C191CEB4EC80083E3CA /* PlayButton.swift */ = {isa = PBXFileReference; fileEncoding = 4; lastKnownFileType = sourcecode.swift; path = PlayButton.swift; sourceTree = "<group>"; };
		AC0B3BFAF2467595B42B161E /* Pods-Youtube play button animation using POP.release.xcconfig */ = {isa = PBXFileReference; includeInIndex = 1; lastKnownFileType = text.xcconfig; name = "Pods-Youtube play button animation using POP.release.xcconfig"; path = "Pods/Target Support Files/Pods-Youtube play button animation using POP/Pods-Youtube play button animation using POP.release.xcconfig"; sourceTree = "<group>"; };
/* End PBXFileReference section */

/* Begin PBXFrameworksBuildPhase section */
		ABB03C011CEB4D660083E3CA /* Frameworks */ = {
			isa = PBXFrameworksBuildPhase;
			buildActionMask = 2147483647;
			files = (
				A1464481D7ADF6C624C3F81F /* Pods_Youtube_play_button_animation_using_POP.framework in Frameworks */,
			);
			runOnlyForDeploymentPostprocessing = 0;
		};
/* End PBXFrameworksBuildPhase section */

/* Begin PBXGroup section */
		8A8970C40BD1743B20ADE658 /* Frameworks */ = {
			isa = PBXGroup;
			children = (
				0CDA4DA727E6824E29186958 /* Pods_Youtube_play_button_animation_using_POP.framework */,
			);
			name = Frameworks;
			sourceTree = "<group>";
		};
		A0E11D180AAC3B08B97004D7 /* Pods */ = {
			isa = PBXGroup;
			children = (
				88EFA7CB0447BEC0EA7701FB /* Pods-Youtube play button animation using POP.debug.xcconfig */,
				AC0B3BFAF2467595B42B161E /* Pods-Youtube play button animation using POP.release.xcconfig */,
			);
			name = Pods;
			sourceTree = "<group>";
		};
		ABB03BFB1CEB4D660083E3CA = {
			isa = PBXGroup;
			children = (
				ABB03C061CEB4D660083E3CA /* Youtube play button animation using POP */,
				ABB03C051CEB4D660083E3CA /* Products */,
				A0E11D180AAC3B08B97004D7 /* Pods */,
				8A8970C40BD1743B20ADE658 /* Frameworks */,
			);
			sourceTree = "<group>";
		};
		ABB03C051CEB4D660083E3CA /* Products */ = {
			isa = PBXGroup;
			children = (
				ABB03C041CEB4D660083E3CA /* Youtube play button animation using POP.app */,
			);
			name = Products;
			sourceTree = "<group>";
		};
		ABB03C061CEB4D660083E3CA /* Youtube play button animation using POP */ = {
			isa = PBXGroup;
			children = (
				ABB03C071CEB4D660083E3CA /* AppDelegate.swift */,
				ABB03C091CEB4D660083E3CA /* ViewController.swift */,
				ABB03C191CEB4EC80083E3CA /* PlayButton.swift */,
				ABB03C0B1CEB4D660083E3CA /* Main.storyboard */,
				ABB03C0E1CEB4D660083E3CA /* Assets.xcassets */,
				ABB03C101CEB4D660083E3CA /* LaunchScreen.storyboard */,
				ABB03C131CEB4D660083E3CA /* Info.plist */,
			);
			path = "Youtube play button animation using POP";
			sourceTree = "<group>";
		};
/* End PBXGroup section */

/* Begin PBXNativeTarget section */
		ABB03C031CEB4D660083E3CA /* Youtube play button animation using POP */ = {
			isa = PBXNativeTarget;
			buildConfigurationList = ABB03C161CEB4D660083E3CA /* Build configuration list for PBXNativeTarget "Youtube play button animation using POP" */;
			buildPhases = (
				D3743112EBAD24E86EA4A876 /* 📦 Check Pods Manifest.lock */,
				ABB03C001CEB4D660083E3CA /* Sources */,
				ABB03C011CEB4D660083E3CA /* Frameworks */,
				ABB03C021CEB4D660083E3CA /* Resources */,
				A1B9957C656CC5BA54900882 /* 📦 Embed Pods Frameworks */,
				F50E2932B665ED7BEFD17802 /* 📦 Copy Pods Resources */,
			);
			buildRules = (
			);
			dependencies = (
			);
			name = "Youtube play button animation using POP";
			productName = "Youtube play button animation using POP";
			productReference = ABB03C041CEB4D660083E3CA /* Youtube play button animation using POP.app */;
			productType = "com.apple.product-type.application";
		};
/* End PBXNativeTarget section */

/* Begin PBXProject section */
		ABB03BFC1CEB4D660083E3CA /* Project object */ = {
			isa = PBXProject;
			attributes = {
				LastSwiftUpdateCheck = 0730;
				LastUpgradeCheck = 0730;
				ORGANIZATIONNAME = xiaolei;
				TargetAttributes = {
					ABB03C031CEB4D660083E3CA = {
						CreatedOnToolsVersion = 7.3.1;
					};
				};
			};
			buildConfigurationList = ABB03BFF1CEB4D660083E3CA /* Build configuration list for PBXProject "Youtube play button animation using POP" */;
			compatibilityVersion = "Xcode 3.2";
			developmentRegion = English;
			hasScannedForEncodings = 0;
			knownRegions = (
				en,
				Base,
			);
			mainGroup = ABB03BFB1CEB4D660083E3CA;
			productRefGroup = ABB03C051CEB4D660083E3CA /* Products */;
			projectDirPath = "";
			projectRoot = "";
			targets = (
				ABB03C031CEB4D660083E3CA /* Youtube play button animation using POP */,
			);
		};
/* End PBXProject section */

/* Begin PBXResourcesBuildPhase section */
		ABB03C021CEB4D660083E3CA /* Resources */ = {
			isa = PBXResourcesBuildPhase;
			buildActionMask = 2147483647;
			files = (
				ABB03C121CEB4D660083E3CA /* LaunchScreen.storyboard in Resources */,
				ABB03C0F1CEB4D660083E3CA /* Assets.xcassets in Resources */,
				ABB03C0D1CEB4D660083E3CA /* Main.storyboard in Resources */,
			);
			runOnlyForDeploymentPostprocessing = 0;
		};
/* End PBXResourcesBuildPhase section */

/* Begin PBXShellScriptBuildPhase section */
		A1B9957C656CC5BA54900882 /* 📦 Embed Pods Frameworks */ = {
			isa = PBXShellScriptBuildPhase;
			buildActionMask = 2147483647;
			files = (
			);
			inputPaths = (
			);
			name = "📦 Embed Pods Frameworks";
			outputPaths = (
			);
			runOnlyForDeploymentPostprocessing = 0;
			shellPath = /bin/sh;
			shellScript = "\"${SRCROOT}/Pods/Target Support Files/Pods-Youtube play button animation using POP/Pods-Youtube play button animation using POP-frameworks.sh\"\n";
			showEnvVarsInLog = 0;
		};
		D3743112EBAD24E86EA4A876 /* 📦 Check Pods Manifest.lock */ = {
			isa = PBXShellScriptBuildPhase;
			buildActionMask = 2147483647;
			files = (
			);
			inputPaths = (
			);
			name = "📦 Check Pods Manifest.lock";
			outputPaths = (
			);
			runOnlyForDeploymentPostprocessing = 0;
			shellPath = /bin/sh;
			shellScript = "diff \"${PODS_ROOT}/../Podfile.lock\" \"${PODS_ROOT}/Manifest.lock\" > /dev/null\nif [[ $? != 0 ]] ; then\n    cat << EOM\nerror: The sandbox is not in sync with the Podfile.lock. Run 'pod install' or update your CocoaPods installation.\nEOM\n    exit 1\nfi\n";
			showEnvVarsInLog = 0;
		};
		F50E2932B665ED7BEFD17802 /* 📦 Copy Pods Resources */ = {
			isa = PBXShellScriptBuildPhase;
			buildActionMask = 2147483647;
			files = (
			);
			inputPaths = (
			);
			name = "📦 Copy Pods Resources";
			outputPaths = (
			);
			runOnlyForDeploymentPostprocessing = 0;
			shellPath = /bin/sh;
			shellScript = "\"${SRCROOT}/Pods/Target Support Files/Pods-Youtube play button animation using POP/Pods-Youtube play button animation using POP-resources.sh\"\n";
			showEnvVarsInLog = 0;
		};
/* End PBXShellScriptBuildPhase section */

/* Begin PBXSourcesBuildPhase section */
		ABB03C001CEB4D660083E3CA /* Sources */ = {
			isa = PBXSourcesBuildPhase;
			buildActionMask = 2147483647;
			files = (
				ABB03C0A1CEB4D660083E3CA /* ViewController.swift in Sources */,
				ABB03C081CEB4D660083E3CA /* AppDelegate.swift in Sources */,
				ABB03C1A1CEB4EC80083E3CA /* PlayButton.swift in Sources */,
			);
			runOnlyForDeploymentPostprocessing = 0;
		};
/* End PBXSourcesBuildPhase section */

/* Begin PBXVariantGroup section */
		ABB03C0B1CEB4D660083E3CA /* Main.storyboard */ = {
			isa = PBXVariantGroup;
			children = (
				ABB03C0C1CEB4D660083E3CA /* Base */,
			);
			name = Main.storyboard;
			sourceTree = "<group>";
		};
		ABB03C101CEB4D660083E3CA /* LaunchScreen.storyboard */ = {
			isa = PBXVariantGroup;
			children = (
				ABB03C111CEB4D660083E3CA /* Base */,
			);
			name = LaunchScreen.storyboard;
			sourceTree = "<group>";
		};
/* End PBXVariantGroup section */

/* Begin XCBuildConfiguration section */
		ABB03C141CEB4D660083E3CA /* Debug */ = {
			isa = XCBuildConfiguration;
			buildSettings = {
				ALWAYS_SEARCH_USER_PATHS = NO;
				CLANG_ANALYZER_NONNULL = YES;
				CLANG_CXX_LANGUAGE_STANDARD = "gnu++0x";
				CLANG_CXX_LIBRARY = "libc++";
				CLANG_ENABLE_MODULES = YES;
				CLANG_ENABLE_OBJC_ARC = YES;
				CLANG_WARN_BOOL_CONVERSION = YES;
				CLANG_WARN_CONSTANT_CONVERSION = YES;
				CLANG_WARN_DIRECT_OBJC_ISA_USAGE = YES_ERROR;
				CLANG_WARN_EMPTY_BODY = YES;
				CLANG_WARN_ENUM_CONVERSION = YES;
				CLANG_WARN_INT_CONVERSION = YES;
				CLANG_WARN_OBJC_ROOT_CLASS = YES_ERROR;
				CLANG_WARN_UNREACHABLE_CODE = YES;
				CLANG_WARN__DUPLICATE_METHOD_MATCH = YES;
				"CODE_SIGN_IDENTITY[sdk=iphoneos*]" = "iPhone Developer";
				COPY_PHASE_STRIP = NO;
				DEBUG_INFORMATION_FORMAT = dwarf;
				ENABLE_STRICT_OBJC_MSGSEND = YES;
				ENABLE_TESTABILITY = YES;
				GCC_C_LANGUAGE_STANDARD = gnu99;
				GCC_DYNAMIC_NO_PIC = NO;
				GCC_NO_COMMON_BLOCKS = YES;
				GCC_OPTIMIZATION_LEVEL = 0;
				GCC_PREPROCESSOR_DEFINITIONS = (
					"DEBUG=1",
					"$(inherited)",
				);
				GCC_WARN_64_TO_32_BIT_CONVERSION = YES;
				GCC_WARN_ABOUT_RETURN_TYPE = YES_ERROR;
				GCC_WARN_UNDECLARED_SELECTOR = YES;
				GCC_WARN_UNINITIALIZED_AUTOS = YES_AGGRESSIVE;
				GCC_WARN_UNUSED_FUNCTION = YES;
				GCC_WARN_UNUSED_VARIABLE = YES;
				IPHONEOS_DEPLOYMENT_TARGET = 9.3;
				MTL_ENABLE_DEBUG_INFO = YES;
				ONLY_ACTIVE_ARCH = YES;
				SDKROOT = iphoneos;
				SWIFT_OPTIMIZATION_LEVEL = "-Onone";
			};
			name = Debug;
		};
		ABB03C151CEB4D660083E3CA /* Release */ = {
			isa = XCBuildConfiguration;
			buildSettings = {
				ALWAYS_SEARCH_USER_PATHS = NO;
				CLANG_ANALYZER_NONNULL = YES;
				CLANG_CXX_LANGUAGE_STANDARD = "gnu++0x";
				CLANG_CXX_LIBRARY = "libc++";
				CLANG_ENABLE_MODULES = YES;
				CLANG_ENABLE_OBJC_ARC = YES;
				CLANG_WARN_BOOL_CONVERSION = YES;
				CLANG_WARN_CONSTANT_CONVERSION = YES;
				CLANG_WARN_DIRECT_OBJC_ISA_USAGE = YES_ERROR;
				CLANG_WARN_EMPTY_BODY = YES;
				CLANG_WARN_ENUM_CONVERSION = YES;
				CLANG_WARN_INT_CONVERSION = YES;
				CLANG_WARN_OBJC_ROOT_CLASS = YES_ERROR;
				CLANG_WARN_UNREACHABLE_CODE = YES;
				CLANG_WARN__DUPLICATE_METHOD_MATCH = YES;
				"CODE_SIGN_IDENTITY[sdk=iphoneos*]" = "iPhone Developer";
				COPY_PHASE_STRIP = NO;
				DEBUG_INFORMATION_FORMAT = "dwarf-with-dsym";
				ENABLE_NS_ASSERTIONS = NO;
				ENABLE_STRICT_OBJC_MSGSEND = YES;
				GCC_C_LANGUAGE_STANDARD = gnu99;
				GCC_NO_COMMON_BLOCKS = YES;
				GCC_WARN_64_TO_32_BIT_CONVERSION = YES;
				GCC_WARN_ABOUT_RETURN_TYPE = YES_ERROR;
				GCC_WARN_UNDECLARED_SELECTOR = YES;
				GCC_WARN_UNINITIALIZED_AUTOS = YES_AGGRESSIVE;
				GCC_WARN_UNUSED_FUNCTION = YES;
				GCC_WARN_UNUSED_VARIABLE = YES;
				IPHONEOS_DEPLOYMENT_TARGET = 9.3;
				MTL_ENABLE_DEBUG_INFO = NO;
				SDKROOT = iphoneos;
				VALIDATE_PRODUCT = YES;
			};
			name = Release;
		};
		ABB03C171CEB4D660083E3CA /* Debug */ = {
			isa = XCBuildConfiguration;
			baseConfigurationReference = 88EFA7CB0447BEC0EA7701FB /* Pods-Youtube play button animation using POP.debug.xcconfig */;
			buildSettings = {
				ASSETCATALOG_COMPILER_APPICON_NAME = AppIcon;
				INFOPLIST_FILE = "Youtube play button animation using POP/Info.plist";
				LD_RUNPATH_SEARCH_PATHS = "$(inherited) @executable_path/Frameworks";
				PRODUCT_BUNDLE_IDENTIFIER = "net.dowhile.Youtube-play-button-animation-using-POP";
				PRODUCT_NAME = "$(TARGET_NAME)";
			};
			name = Debug;
		};
		ABB03C181CEB4D660083E3CA /* Release */ = {
			isa = XCBuildConfiguration;
			baseConfigurationReference = AC0B3BFAF2467595B42B161E /* Pods-Youtube play button animation using POP.release.xcconfig */;
			buildSettings = {
				ASSETCATALOG_COMPILER_APPICON_NAME = AppIcon;
				INFOPLIST_FILE = "Youtube play button animation using POP/Info.plist";
				LD_RUNPATH_SEARCH_PATHS = "$(inherited) @executable_path/Frameworks";
				PRODUCT_BUNDLE_IDENTIFIER = "net.dowhile.Youtube-play-button-animation-using-POP";
				PRODUCT_NAME = "$(TARGET_NAME)";
			};
			name = Release;
		};
/* End XCBuildConfiguration section */

/* Begin XCConfigurationList section */
		ABB03BFF1CEB4D660083E3CA /* Build configuration list for PBXProject "Youtube play button animation using POP" */ = {
			isa = XCConfigurationList;
			buildConfigurations = (
				ABB03C141CEB4D660083E3CA /* Debug */,
				ABB03C151CEB4D660083E3CA /* Release */,
			);
			defaultConfigurationIsVisible = 0;
			defaultConfigurationName = Release;
		};
		ABB03C161CEB4D660083E3CA /* Build configuration list for PBXNativeTarget "Youtube play button animation using POP" */ = {
			isa = XCConfigurationList;
			buildConfigurations = (
				ABB03C171CEB4D660083E3CA /* Debug */,
				ABB03C181CEB4D660083E3CA /* Release */,
			);
			defaultConfigurationIsVisible = 0;
			defaultConfigurationName = Release;
		};
/* End XCConfigurationList section */
	};
	rootObject = ABB03BFC1CEB4D660083E3CA /* Project object */;
}
